# This file is automatically generated by Poetry and should not be changed by hand.
# This is a placeholder lock file for the project dependencies.
# In a real deployment, this would be generated by running 'poetry install'

[[package]]
name = "fastapi"
version = "0.104.1"
description = "FastAPI framework, high performance, easy to learn, fast to code, ready for production"
category = "main"
optional = false
python-versions = ">=3.7"

[metadata]
lock-version = "2.0"
python-versions = "^3.11"
content-hash = "placeholder-hash"